{
  "name": "@typeaware/doc-gen.api",
  "version": "0.0.1001",
  "lockfileVersion": 1,
  "requires": true,
  "dependencies": {
    "@typeaware/doc-gen.cli": {
      "version": "https://raw.githubusercontent.com/typeaware/doc-gen/master/lang/typescript/cli/typeaware-doc-gen.cli-0.0.1001.tgz",
      "integrity": "sha512-1Mq/IHRqmuI9vb9GGx0rRkFTWF8WWyvKJS+b2PMOkY5rCs1VPo7ULc8XwQ4JcGApScR2vLBZWPZ+5YbDYZv+Ow=="
    }
  }
}
